
Microsoft Visual Studio Solution File, Format Version 10.00
# Visual Studio 2008
Project("{FAE04EC0-301F-11D3-BF4B-00C04F79EFBC}") = "AsyncStream", "AsyncStream\AsyncStream.csproj", "{70F4070D-3466-4620-A548-245B9E240EA8}"
EndProject
Project("{FAE04EC0-301F-11D3-BF4B-00C04F79EFBC}") = "WinTestAsyncRead", "WinTestAsyncRead\WinTestAsyncRead.csproj", "{26551423-F4B9-46D3-8F20-30E62B8D5907}"
EndProject
Global
	GlobalSection(SolutionConfigurationPlatforms) = preSolution
		Debug|Any CPU = Debug|Any CPU
		Release|Any CPU = Release|Any CPU
	EndGlobalSection
	GlobalSection(ProjectConfigurationPlatforms) = postSolution
		{70F4070D-3466-4620-A548-245B9E240EA8}.Debug|Any CPU.ActiveCfg = Debug|Any CPU
		{70F4070D-3466-4620-A548-245B9E240EA8}.Debug|Any CPU.Build.0 = Debug|Any CPU
		{70F4070D-3466-4620-A548-245B9E240EA8}.Release|Any CPU.ActiveCfg = Release|Any CPU
		{70F4070D-3466-4620-A548-245B9E240EA8}.Release|Any CPU.Build.0 = Release|Any CPU
		{26551423-F4B9-46D3-8F20-30E62B8D5907}.Debug|Any CPU.ActiveCfg = Debug|Any CPU
		{26551423-F4B9-46D3-8F20-30E62B8D5907}.Debug|Any CPU.Build.0 = Debug|Any CPU
		{26551423-F4B9-46D3-8F20-30E62B8D5907}.Release|Any CPU.ActiveCfg = Release|Any CPU
		{26551423-F4B9-46D3-8F20-30E62B8D5907}.Release|Any CPU.Build.0 = Release|Any CPU
	EndGlobalSection
	GlobalSection(SolutionProperties) = preSolution
		HideSolutionNode = FALSE
	EndGlobalSection
EndGlobal
